
Microsoft Visual Studio Solution File, Format Version 12.00
# Visual Studio Version 17
VisualStudioVersion = 17.7.34024.191
MinimumVisualStudioVersion = 10.0.40219.1
Project("{FAE04EC0-301F-11D3-BF4B-00C04F79EFBC}") = "pointsSystem", "pointsSystem\pointsSystem.csproj", "{EE96BE42-AFD4-4E19-82E3-FCC7226FED78}"
EndProject
Global
	GlobalSection(SolutionConfigurationPlatforms) = preSolution
		Debug|Any CPU = Debug|Any CPU
		Release|Any CPU = Release|Any CPU
	EndGlobalSection
	GlobalSection(ProjectConfigurationPlatforms) = postSolution
		{EE96BE42-AFD4-4E19-82E3-FCC7226FED78}.Debug|Any CPU.ActiveCfg = Debug|Any CPU
		{EE96BE42-AFD4-4E19-82E3-FCC7226FED78}.Debug|Any CPU.Build.0 = Debug|Any CPU
		{EE96BE42-AFD4-4E19-82E3-FCC7226FED78}.Release|Any CPU.ActiveCfg = Release|Any CPU
		{EE96BE42-AFD4-4E19-82E3-FCC7226FED78}.Release|Any CPU.Build.0 = Release|Any CPU
	EndGlobalSection
	GlobalSection(SolutionProperties) = preSolution
		HideSolutionNode = FALSE
	EndGlobalSection
	GlobalSection(ExtensibilityGlobals) = postSolution
		SolutionGuid = {FF70E907-975C-4D36-9A46-9584A6B8ADF4}
	EndGlobalSection
EndGlobal
